
Microsoft Visual Studio Solution File, Format Version 12.00
# Visual Studio 15
Project("{FAE04EC0-301F-11D3-BF4B-00C04F79EFBC}") = "Assembly-CSharp-firstpass", "Assembly-CSharp-firstpass.csproj", "{1A967F59-D10B-84F1-FE27-4DBB9067C4C8}"
EndProject
Project("{FAE04EC0-301F-11D3-BF4B-00C04F79EFBC}") = "Assembly-CSharp", "Assembly-CSharp.csproj", "{711A595E-5C23-9A8E-CC8F-A4C982B0258F}"
EndProject
Project("{FAE04EC0-301F-11D3-BF4B-00C04F79EFBC}") = "Assembly-CSharp-Editor", "Assembly-CSharp-Editor.csproj", "{E456F10F-C360-2B48-4144-35FF6B518E02}"
EndProject
Global
	GlobalSection(SolutionConfigurationPlatforms) = preSolution
		Debug|Any CPU = Debug|Any CPU
		Release|Any CPU = Release|Any CPU
	EndGlobalSection
	GlobalSection(ProjectConfigurationPlatforms) = postSolution
		{1A967F59-D10B-84F1-FE27-4DBB9067C4C8}.Debug|Any CPU.ActiveCfg = Debug|Any CPU
		{1A967F59-D10B-84F1-FE27-4DBB9067C4C8}.Debug|Any CPU.Build.0 = Debug|Any CPU
		{1A967F59-D10B-84F1-FE27-4DBB9067C4C8}.Release|Any CPU.ActiveCfg = Release|Any CPU
		{1A967F59-D10B-84F1-FE27-4DBB9067C4C8}.Release|Any CPU.Build.0 = Release|Any CPU
		{711A595E-5C23-9A8E-CC8F-A4C982B0258F}.Debug|Any CPU.ActiveCfg = Debug|Any CPU
		{711A595E-5C23-9A8E-CC8F-A4C982B0258F}.Debug|Any CPU.Build.0 = Debug|Any CPU
		{711A595E-5C23-9A8E-CC8F-A4C982B0258F}.Release|Any CPU.ActiveCfg = Release|Any CPU
		{711A595E-5C23-9A8E-CC8F-A4C982B0258F}.Release|Any CPU.Build.0 = Release|Any CPU
		{E456F10F-C360-2B48-4144-35FF6B518E02}.Debug|Any CPU.ActiveCfg = Debug|Any CPU
		{E456F10F-C360-2B48-4144-35FF6B518E02}.Debug|Any CPU.Build.0 = Debug|Any CPU
		{E456F10F-C360-2B48-4144-35FF6B518E02}.Release|Any CPU.ActiveCfg = Release|Any CPU
		{E456F10F-C360-2B48-4144-35FF6B518E02}.Release|Any CPU.Build.0 = Release|Any CPU
	EndGlobalSection
	GlobalSection(SolutionProperties) = preSolution
		HideSolutionNode = FALSE
	EndGlobalSection
EndGlobal
